
Microsoft Visual Studio Solution File, Format Version 12.00
# Visual Studio Version 16
VisualStudioVersion = 16.0.30711.63
MinimumVisualStudioVersion = 10.0.40219.1
Project("{FAE04EC0-301F-11D3-BF4B-00C04F79EFBC}") = "addressBookProblem", "addressBookProblem\addressBookProblem.csproj", "{1985FB93-8976-4399-BB24-380C32DAA866}"
EndProject
Global
	GlobalSection(SolutionConfigurationPlatforms) = preSolution
		Debug|Any CPU = Debug|Any CPU
		Release|Any CPU = Release|Any CPU
	EndGlobalSection
	GlobalSection(ProjectConfigurationPlatforms) = postSolution
		{1985FB93-8976-4399-BB24-380C32DAA866}.Debug|Any CPU.ActiveCfg = Debug|Any CPU
		{1985FB93-8976-4399-BB24-380C32DAA866}.Debug|Any CPU.Build.0 = Debug|Any CPU
		{1985FB93-8976-4399-BB24-380C32DAA866}.Release|Any CPU.ActiveCfg = Release|Any CPU
		{1985FB93-8976-4399-BB24-380C32DAA866}.Release|Any CPU.Build.0 = Release|Any CPU
	EndGlobalSection
	GlobalSection(SolutionProperties) = preSolution
		HideSolutionNode = FALSE
	EndGlobalSection
	GlobalSection(ExtensibilityGlobals) = postSolution
		SolutionGuid = {63C16143-2603-40DD-A6C5-FCAB0A695478}
	EndGlobalSection
EndGlobal
